
Microsoft Visual Studio Solution File, Format Version 12.00
# Visual Studio Version 16
VisualStudioVersion = 16.0.33927.289
MinimumVisualStudioVersion = 10.0.40219.1
Project("{2150E333-8FDC-42A3-9474-1A3956D46DE8}") = "Task0", "Task0", "{0022A266-9B05-414C-AD8C-CBF83C5C5596}"
EndProject
Project("{FAE04EC0-301F-11D3-BF4B-00C04F79EFBC}") = "Tyuiu.KosovskihVA.Sprint3.Task0.V2", "Tyuiu.KosovskihVA.Sprint3.Task0.V2\Tyuiu.KosovskihVA.Sprint3.Task0.V2.csproj", "{15504149-99B0-43C4-BE23-832151E8B8DC}"
EndProject
Project("{FAE04EC0-301F-11D3-BF4B-00C04F79EFBC}") = "Tyuiu.KosovskihVA.Sprint3.Task0.V2.Lib", "Tyuiu.KosovskihVA.Sprint3.Task0.V2.Lib\Tyuiu.KosovskihVA.Sprint3.Task0.V2.Lib.csproj", "{5E3A0416-A19C-4099-9F34-DEE6B628CA5B}"
EndProject
Project("{FAE04EC0-301F-11D3-BF4B-00C04F79EFBC}") = "Tyuiu.KosovskihVA.Sprint3.Task0.V2.Test", "Tyuiu.KosovskihVA.Sprint3.Task0.V2.Test\Tyuiu.KosovskihVA.Sprint3.Task0.V2.Test.csproj", "{3442AE52-04F9-45DB-A1CD-7835C606E384}"
EndProject
Project("{2150E333-8FDC-42A3-9474-1A3956D46DE8}") = "Task1", "Task1", "{6C05BFA8-27E2-4791-AAD6-2F29995254EA}"
EndProject
Project("{FAE04EC0-301F-11D3-BF4B-00C04F79EFBC}") = "Tyuiu.KosovskihVA.Sprint3.Task1.V12", "Tyuiu.KosovskihVA.Sprint3.Task1.V12\Tyuiu.KosovskihVA.Sprint3.Task1.V12.csproj", "{BC87CD0F-11C2-4081-AF6A-0DE8BD0F598C}"
EndProject
Project("{FAE04EC0-301F-11D3-BF4B-00C04F79EFBC}") = "Tyuiu.KosovskihVA.Sprint3.Task1.V12.Lib", "Tyuiu.KosovskihVA.Sprint3.Task1.V12.Lib\Tyuiu.KosovskihVA.Sprint3.Task1.V12.Lib.csproj", "{DA7AC675-32EF-4CA9-A114-44EBD2198AE8}"
EndProject
Project("{FAE04EC0-301F-11D3-BF4B-00C04F79EFBC}") = "Tyuiu.KosovskihVA.Sprint3.Task1.V12.Test", "Tyuiu.KosovskihVA.Sprint3.Task1.V12.Test\Tyuiu.KosovskihVA.Sprint3.Task1.V12.Test.csproj", "{7FD7EAEB-9E93-4D24-9867-B29ECB491914}"
EndProject
Project("{2150E333-8FDC-42A3-9474-1A3956D46DE8}") = "Task2", "Task2", "{1A54D453-C372-49F4-89B0-10788104F064}"
EndProject
Project("{FAE04EC0-301F-11D3-BF4B-00C04F79EFBC}") = "Tyuiu.KosovskihVA.Sprint3.Task2.V23", "Tyuiu.KosovskihVA.Sprint3.Task2.V23\Tyuiu.KosovskihVA.Sprint3.Task2.V23.csproj", "{C733B423-18A0-4BCD-B9B4-35012C43A8CE}"
EndProject
Project("{FAE04EC0-301F-11D3-BF4B-00C04F79EFBC}") = "Tyuiu.KosovskihVA.Sprint3.Task2.V23.Lib", "Tyuiu.KosovskihVA.Sprint3.Task2.V23.Lib\Tyuiu.KosovskihVA.Sprint3.Task2.V23.Lib.csproj", "{02BAF89B-49EB-4715-B8BB-832C20E498FC}"
EndProject
Project("{FAE04EC0-301F-11D3-BF4B-00C04F79EFBC}") = "Tyuiu.KosovskihVA.Sprint3.Task2.V23.Test", "Tyuiu.KosovskihVA.Sprint3.Task2.V23.Test\Tyuiu.KosovskihVA.Sprint3.Task2.V23.Test.csproj", "{2566624F-1EC0-450E-A77E-43484733CC39}"
EndProject
Project("{2150E333-8FDC-42A3-9474-1A3956D46DE8}") = "Task3", "Task3", "{3C7C5128-A29E-4C62-AD61-9D7E55927D99}"
EndProject
Project("{FAE04EC0-301F-11D3-BF4B-00C04F79EFBC}") = "Tyuiu.KosovskihVA.Sprint3.Task3.V22", "Tyuiu.KosovskihVA.Sprint3.Task3.V22\Tyuiu.KosovskihVA.Sprint3.Task3.V22.csproj", "{C17E2618-09E7-48C4-9702-55964DC75040}"
EndProject
Project("{FAE04EC0-301F-11D3-BF4B-00C04F79EFBC}") = "Tyuiu.KosovskihVA.Sprint3.Task3.V22.Lib", "Tyuiu.KosovskihVA.Sprint3.Task3.V22.Lib\Tyuiu.KosovskihVA.Sprint3.Task3.V22.Lib.csproj", "{110266C5-A4A9-45EA-874A-81957891978F}"
EndProject
Project("{FAE04EC0-301F-11D3-BF4B-00C04F79EFBC}") = "Tyuiu.KosovskihVA.Sprint3.Task3.V22.Test", "Tyuiu.KosovskihVA.Sprint3.Task3.V22.Test\Tyuiu.KosovskihVA.Sprint3.Task3.V22.Test.csproj", "{2D178D97-0916-419F-B30E-FDFA7E28F975}"
EndProject
Project("{2150E333-8FDC-42A3-9474-1A3956D46DE8}") = "Task4", "Task4", "{E0B69B4A-81CA-43D1-9176-3506B6BAE8BF}"
EndProject
Project("{FAE04EC0-301F-11D3-BF4B-00C04F79EFBC}") = "Tyuiu.KosovskihVA.Sprint3.Task4.V12", "Tyuiu.KosovskihVA.Sprint3.Task4.V12\Tyuiu.KosovskihVA.Sprint3.Task4.V12.csproj", "{FA566D26-4DB0-457B-B262-9170E0863EB8}"
EndProject
Project("{FAE04EC0-301F-11D3-BF4B-00C04F79EFBC}") = "Tyuiu.KosovskihVA.Sprint3.Task4.V12.Lib", "Tyuiu.KosovskihVA.Sprint3.Task4.V12.Lib\Tyuiu.KosovskihVA.Sprint3.Task4.V12.Lib.csproj", "{66525922-4C00-47DC-977F-0B5154EC7D89}"
EndProject
Project("{FAE04EC0-301F-11D3-BF4B-00C04F79EFBC}") = "Tyuiu.KosovskihVA.Sprint3.Task4.V12.Test", "Tyuiu.KosovskihVA.Sprint3.Task4.V12.Test\Tyuiu.KosovskihVA.Sprint3.Task4.V12.Test.csproj", "{86940C56-B30A-4B5B-BDF6-F804DE7596D9}"
EndProject
Global
	GlobalSection(SolutionConfigurationPlatforms) = preSolution
		Debug|Any CPU = Debug|Any CPU
		Release|Any CPU = Release|Any CPU
	EndGlobalSection
	GlobalSection(ProjectConfigurationPlatforms) = postSolution
		{15504149-99B0-43C4-BE23-832151E8B8DC}.Debug|Any CPU.ActiveCfg = Debug|Any CPU
		{15504149-99B0-43C4-BE23-832151E8B8DC}.Debug|Any CPU.Build.0 = Debug|Any CPU
		{15504149-99B0-43C4-BE23-832151E8B8DC}.Release|Any CPU.ActiveCfg = Release|Any CPU
		{15504149-99B0-43C4-BE23-832151E8B8DC}.Release|Any CPU.Build.0 = Release|Any CPU
		{5E3A0416-A19C-4099-9F34-DEE6B628CA5B}.Debug|Any CPU.ActiveCfg = Debug|Any CPU
		{5E3A0416-A19C-4099-9F34-DEE6B628CA5B}.Debug|Any CPU.Build.0 = Debug|Any CPU
		{5E3A0416-A19C-4099-9F34-DEE6B628CA5B}.Release|Any CPU.ActiveCfg = Release|Any CPU
		{5E3A0416-A19C-4099-9F34-DEE6B628CA5B}.Release|Any CPU.Build.0 = Release|Any CPU
		{3442AE52-04F9-45DB-A1CD-7835C606E384}.Debug|Any CPU.ActiveCfg = Debug|Any CPU
		{3442AE52-04F9-45DB-A1CD-7835C606E384}.Debug|Any CPU.Build.0 = Debug|Any CPU
		{3442AE52-04F9-45DB-A1CD-7835C606E384}.Release|Any CPU.ActiveCfg = Release|Any CPU
		{3442AE52-04F9-45DB-A1CD-7835C606E384}.Release|Any CPU.Build.0 = Release|Any CPU
		{BC87CD0F-11C2-4081-AF6A-0DE8BD0F598C}.Debug|Any CPU.ActiveCfg = Debug|Any CPU
		{BC87CD0F-11C2-4081-AF6A-0DE8BD0F598C}.Debug|Any CPU.Build.0 = Debug|Any CPU
		{BC87CD0F-11C2-4081-AF6A-0DE8BD0F598C}.Release|Any CPU.ActiveCfg = Release|Any CPU
		{BC87CD0F-11C2-4081-AF6A-0DE8BD0F598C}.Release|Any CPU.Build.0 = Release|Any CPU
		{DA7AC675-32EF-4CA9-A114-44EBD2198AE8}.Debug|Any CPU.ActiveCfg = Debug|Any CPU
		{DA7AC675-32EF-4CA9-A114-44EBD2198AE8}.Debug|Any CPU.Build.0 = Debug|Any CPU
		{DA7AC675-32EF-4CA9-A114-44EBD2198AE8}.Release|Any CPU.ActiveCfg = Release|Any CPU
		{DA7AC675-32EF-4CA9-A114-44EBD2198AE8}.Release|Any CPU.Build.0 = Release|Any CPU
		{7FD7EAEB-9E93-4D24-9867-B29ECB491914}.Debug|Any CPU.ActiveCfg = Debug|Any CPU
		{7FD7EAEB-9E93-4D24-9867-B29ECB491914}.Debug|Any CPU.Build.0 = Debug|Any CPU
		{7FD7EAEB-9E93-4D24-9867-B29ECB491914}.Release|Any CPU.ActiveCfg = Release|Any CPU
		{7FD7EAEB-9E93-4D24-9867-B29ECB491914}.Release|Any CPU.Build.0 = Release|Any CPU
		{C733B423-18A0-4BCD-B9B4-35012C43A8CE}.Debug|Any CPU.ActiveCfg = Debug|Any CPU
		{C733B423-18A0-4BCD-B9B4-35012C43A8CE}.Debug|Any CPU.Build.0 = Debug|Any CPU
		{C733B423-18A0-4BCD-B9B4-35012C43A8CE}.Release|Any CPU.ActiveCfg = Release|Any CPU
		{C733B423-18A0-4BCD-B9B4-35012C43A8CE}.Release|Any CPU.Build.0 = Release|Any CPU
		{02BAF89B-49EB-4715-B8BB-832C20E498FC}.Debug|Any CPU.ActiveCfg = Debug|Any CPU
		{02BAF89B-49EB-4715-B8BB-832C20E498FC}.Debug|Any CPU.Build.0 = Debug|Any CPU
		{02BAF89B-49EB-4715-B8BB-832C20E498FC}.Release|Any CPU.ActiveCfg = Release|Any CPU
		{02BAF89B-49EB-4715-B8BB-832C20E498FC}.Release|Any CPU.Build.0 = Release|Any CPU
		{2566624F-1EC0-450E-A77E-43484733CC39}.Debug|Any CPU.ActiveCfg = Debug|Any CPU
		{2566624F-1EC0-450E-A77E-43484733CC39}.Debug|Any CPU.Build.0 = Debug|Any CPU
		{2566624F-1EC0-450E-A77E-43484733CC39}.Release|Any CPU.ActiveCfg = Release|Any CPU
		{2566624F-1EC0-450E-A77E-43484733CC39}.Release|Any CPU.Build.0 = Release|Any CPU
		{C17E2618-09E7-48C4-9702-55964DC75040}.Debug|Any CPU.ActiveCfg = Debug|Any CPU
		{C17E2618-09E7-48C4-9702-55964DC75040}.Debug|Any CPU.Build.0 = Debug|Any CPU
		{C17E2618-09E7-48C4-9702-55964DC75040}.Release|Any CPU.ActiveCfg = Release|Any CPU
		{C17E2618-09E7-48C4-9702-55964DC75040}.Release|Any CPU.Build.0 = Release|Any CPU
		{110266C5-A4A9-45EA-874A-81957891978F}.Debug|Any CPU.ActiveCfg = Debug|Any CPU
		{110266C5-A4A9-45EA-874A-81957891978F}.Debug|Any CPU.Build.0 = Debug|Any CPU
		{110266C5-A4A9-45EA-874A-81957891978F}.Release|Any CPU.ActiveCfg = Release|Any CPU
		{110266C5-A4A9-45EA-874A-81957891978F}.Release|Any CPU.Build.0 = Release|Any CPU
		{2D178D97-0916-419F-B30E-FDFA7E28F975}.Debug|Any CPU.ActiveCfg = Debug|Any CPU
		{2D178D97-0916-419F-B30E-FDFA7E28F975}.Debug|Any CPU.Build.0 = Debug|Any CPU
		{2D178D97-0916-419F-B30E-FDFA7E28F975}.Release|Any CPU.ActiveCfg = Release|Any CPU
		{2D178D97-0916-419F-B30E-FDFA7E28F975}.Release|Any CPU.Build.0 = Release|Any CPU
		{FA566D26-4DB0-457B-B262-9170E0863EB8}.Debug|Any CPU.ActiveCfg = Debug|Any CPU
		{FA566D26-4DB0-457B-B262-9170E0863EB8}.Debug|Any CPU.Build.0 = Debug|Any CPU
		{FA566D26-4DB0-457B-B262-9170E0863EB8}.Release|Any CPU.ActiveCfg = Release|Any CPU
		{FA566D26-4DB0-457B-B262-9170E0863EB8}.Release|Any CPU.Build.0 = Release|Any CPU
		{66525922-4C00-47DC-977F-0B5154EC7D89}.Debug|Any CPU.ActiveCfg = Debug|Any CPU
		{66525922-4C00-47DC-977F-0B5154EC7D89}.Debug|Any CPU.Build.0 = Debug|Any CPU
		{66525922-4C00-47DC-977F-0B5154EC7D89}.Release|Any CPU.ActiveCfg = Release|Any CPU
		{66525922-4C00-47DC-977F-0B5154EC7D89}.Release|Any CPU.Build.0 = Release|Any CPU
		{86940C56-B30A-4B5B-BDF6-F804DE7596D9}.Debug|Any CPU.ActiveCfg = Debug|Any CPU
		{86940C56-B30A-4B5B-BDF6-F804DE7596D9}.Debug|Any CPU.Build.0 = Debug|Any CPU
		{86940C56-B30A-4B5B-BDF6-F804DE7596D9}.Release|Any CPU.ActiveCfg = Release|Any CPU
		{86940C56-B30A-4B5B-BDF6-F804DE7596D9}.Release|Any CPU.Build.0 = Release|Any CPU
	EndGlobalSection
	GlobalSection(SolutionProperties) = preSolution
		HideSolutionNode = FALSE
	EndGlobalSection
	GlobalSection(NestedProjects) = preSolution
		{15504149-99B0-43C4-BE23-832151E8B8DC} = {0022A266-9B05-414C-AD8C-CBF83C5C5596}
		{5E3A0416-A19C-4099-9F34-DEE6B628CA5B} = {0022A266-9B05-414C-AD8C-CBF83C5C5596}
		{3442AE52-04F9-45DB-A1CD-7835C606E384} = {0022A266-9B05-414C-AD8C-CBF83C5C5596}
		{BC87CD0F-11C2-4081-AF6A-0DE8BD0F598C} = {6C05BFA8-27E2-4791-AAD6-2F29995254EA}
		{DA7AC675-32EF-4CA9-A114-44EBD2198AE8} = {6C05BFA8-27E2-4791-AAD6-2F29995254EA}
		{7FD7EAEB-9E93-4D24-9867-B29ECB491914} = {6C05BFA8-27E2-4791-AAD6-2F29995254EA}
		{C733B423-18A0-4BCD-B9B4-35012C43A8CE} = {1A54D453-C372-49F4-89B0-10788104F064}
		{02BAF89B-49EB-4715-B8BB-832C20E498FC} = {1A54D453-C372-49F4-89B0-10788104F064}
		{2566624F-1EC0-450E-A77E-43484733CC39} = {1A54D453-C372-49F4-89B0-10788104F064}
		{C17E2618-09E7-48C4-9702-55964DC75040} = {3C7C5128-A29E-4C62-AD61-9D7E55927D99}
		{110266C5-A4A9-45EA-874A-81957891978F} = {3C7C5128-A29E-4C62-AD61-9D7E55927D99}
		{2D178D97-0916-419F-B30E-FDFA7E28F975} = {3C7C5128-A29E-4C62-AD61-9D7E55927D99}
		{FA566D26-4DB0-457B-B262-9170E0863EB8} = {E0B69B4A-81CA-43D1-9176-3506B6BAE8BF}
		{66525922-4C00-47DC-977F-0B5154EC7D89} = {E0B69B4A-81CA-43D1-9176-3506B6BAE8BF}
		{86940C56-B30A-4B5B-BDF6-F804DE7596D9} = {E0B69B4A-81CA-43D1-9176-3506B6BAE8BF}
	EndGlobalSection
	GlobalSection(ExtensibilityGlobals) = postSolution
		SolutionGuid = {6FC74FF6-437C-4CA5-B6CA-9D86AF1E48F0}
	EndGlobalSection
EndGlobal
